sections:
  main:
    display: Main
    fields:
      -
        handle: title
        field:
          type: text
          required: true
          validate:
            - required
          instructions: 'Dit blok zal alle machines laten zien op de pagina'
          instructions_position: above
          listable: hidden
          visibility: visible
          input_type: text
          antlers: false
title: 'Vehicles Block'
